
Microsoft Visual Studio Solution File, Format Version 12.00
# Visual Studio Version 16
VisualStudioVersion = 16.0.29519.87
MinimumVisualStudioVersion = 10.0.40219.1
Project("{FAE04EC0-301F-11D3-BF4B-00C04F79EFBC}") = "BigSchool", "BigSchool\BigSchool.csproj", "{81D1FEBC-BA65-455E-A170-014BCA8B8CE8}"
EndProject
Project("{2150E333-8FDC-42A3-9474-1A3956D46DE8}") = "NewFolder1", "NewFolder1", "{8B6B567C-A649-445B-A15C-0707E18F10EA}"
EndProject
Global
	GlobalSection(SolutionConfigurationPlatforms) = preSolution
		Debug|Any CPU = Debug|Any CPU
		Release|Any CPU = Release|Any CPU
	EndGlobalSection
	GlobalSection(ProjectConfigurationPlatforms) = postSolution
		{81D1FEBC-BA65-455E-A170-014BCA8B8CE8}.Debug|Any CPU.ActiveCfg = Debug|Any CPU
		{81D1FEBC-BA65-455E-A170-014BCA8B8CE8}.Debug|Any CPU.Build.0 = Debug|Any CPU
		{81D1FEBC-BA65-455E-A170-014BCA8B8CE8}.Release|Any CPU.ActiveCfg = Release|Any CPU
		{81D1FEBC-BA65-455E-A170-014BCA8B8CE8}.Release|Any CPU.Build.0 = Release|Any CPU
	EndGlobalSection
	GlobalSection(SolutionProperties) = preSolution
		HideSolutionNode = FALSE
	EndGlobalSection
	GlobalSection(ExtensibilityGlobals) = postSolution
		SolutionGuid = {D4860B8D-AE86-42F7-BB0C-8AC206AEA90B}
	EndGlobalSection
EndGlobal
